
Microsoft Visual Studio Solution File, Format Version 12.00
# Visual Studio Version 16
VisualStudioVersion = 16.0.31229.75
MinimumVisualStudioVersion = 10.0.40219.1
Project("{FAE04EC0-301F-11D3-BF4B-00C04F79EFBC}") = "DAL", "DAL\DAL.csproj", "{12DF0771-EB4F-4904-932B-54953C8CA114}"
EndProject
Project("{2150E333-8FDC-42A3-9474-1A3956D46DE8}") = "Catalog", "Catalog", "{EE8E3E23-BB8A-4C3B-A071-D11B0B6DC1B7}"
EndProject
Project("{FAE04EC0-301F-11D3-BF4B-00C04F79EFBC}") = "DAL.Test", "DAL.Test\DAL.Test.csproj", "{07D9E9D1-D79B-4546-B39E-3ABC32667808}"
EndProject
Project("{FAE04EC0-301F-11D3-BF4B-00C04F79EFBC}") = "BLL", "BLL\BLL.csproj", "{DC3F662E-2480-4E7C-9DFC-80E7D627EC43}"
EndProject
Project("{FAE04EC0-301F-11D3-BF4B-00C04F79EFBC}") = "CCL", "CCL\CCL.csproj", "{073AEEB5-0E93-4FBC-98DD-77B6BD1A8C8C}"
EndProject
Global
	GlobalSection(SolutionConfigurationPlatforms) = preSolution
		Debug|Any CPU = Debug|Any CPU
		Release|Any CPU = Release|Any CPU
	EndGlobalSection
	GlobalSection(ProjectConfigurationPlatforms) = postSolution
		{12DF0771-EB4F-4904-932B-54953C8CA114}.Debug|Any CPU.ActiveCfg = Debug|Any CPU
		{12DF0771-EB4F-4904-932B-54953C8CA114}.Debug|Any CPU.Build.0 = Debug|Any CPU
		{12DF0771-EB4F-4904-932B-54953C8CA114}.Release|Any CPU.ActiveCfg = Release|Any CPU
		{12DF0771-EB4F-4904-932B-54953C8CA114}.Release|Any CPU.Build.0 = Release|Any CPU
		{07D9E9D1-D79B-4546-B39E-3ABC32667808}.Debug|Any CPU.ActiveCfg = Debug|Any CPU
		{07D9E9D1-D79B-4546-B39E-3ABC32667808}.Debug|Any CPU.Build.0 = Debug|Any CPU
		{07D9E9D1-D79B-4546-B39E-3ABC32667808}.Release|Any CPU.ActiveCfg = Release|Any CPU
		{07D9E9D1-D79B-4546-B39E-3ABC32667808}.Release|Any CPU.Build.0 = Release|Any CPU
		{DC3F662E-2480-4E7C-9DFC-80E7D627EC43}.Debug|Any CPU.ActiveCfg = Debug|Any CPU
		{DC3F662E-2480-4E7C-9DFC-80E7D627EC43}.Debug|Any CPU.Build.0 = Debug|Any CPU
		{DC3F662E-2480-4E7C-9DFC-80E7D627EC43}.Release|Any CPU.ActiveCfg = Release|Any CPU
		{DC3F662E-2480-4E7C-9DFC-80E7D627EC43}.Release|Any CPU.Build.0 = Release|Any CPU
		{073AEEB5-0E93-4FBC-98DD-77B6BD1A8C8C}.Debug|Any CPU.ActiveCfg = Debug|Any CPU
		{073AEEB5-0E93-4FBC-98DD-77B6BD1A8C8C}.Debug|Any CPU.Build.0 = Debug|Any CPU
		{073AEEB5-0E93-4FBC-98DD-77B6BD1A8C8C}.Release|Any CPU.ActiveCfg = Release|Any CPU
		{073AEEB5-0E93-4FBC-98DD-77B6BD1A8C8C}.Release|Any CPU.Build.0 = Release|Any CPU
	EndGlobalSection
	GlobalSection(SolutionProperties) = preSolution
		HideSolutionNode = FALSE
	EndGlobalSection
	GlobalSection(NestedProjects) = preSolution
		{12DF0771-EB4F-4904-932B-54953C8CA114} = {EE8E3E23-BB8A-4C3B-A071-D11B0B6DC1B7}
		{07D9E9D1-D79B-4546-B39E-3ABC32667808} = {EE8E3E23-BB8A-4C3B-A071-D11B0B6DC1B7}
		{DC3F662E-2480-4E7C-9DFC-80E7D627EC43} = {EE8E3E23-BB8A-4C3B-A071-D11B0B6DC1B7}
		{073AEEB5-0E93-4FBC-98DD-77B6BD1A8C8C} = {EE8E3E23-BB8A-4C3B-A071-D11B0B6DC1B7}
	EndGlobalSection
	GlobalSection(ExtensibilityGlobals) = postSolution
		SolutionGuid = {7DA5E0BD-55CB-41C2-929F-7F8D1677A2B7}
	EndGlobalSection
EndGlobal
